
Microsoft Visual Studio Solution File, Format Version 12.00
# Visual Studio 14
VisualStudioVersion = 14.0.25123.0
MinimumVisualStudioVersion = 10.0.40219.1
Project("{FAE04EC0-301F-11D3-BF4B-00C04F79EFBC}") = "Windows_Calculator", "Windows_Calculator\Windows_Calculator.csproj", "{BB9D706C-DB34-421E-B32E-BAF9C6450D1E}"
EndProject
Global
	GlobalSection(SolutionConfigurationPlatforms) = preSolution
		Debug|Any CPU = Debug|Any CPU
		Release|Any CPU = Release|Any CPU
	EndGlobalSection
	GlobalSection(ProjectConfigurationPlatforms) = postSolution
		{BB9D706C-DB34-421E-B32E-BAF9C6450D1E}.Debug|Any CPU.ActiveCfg = Debug|Any CPU
		{BB9D706C-DB34-421E-B32E-BAF9C6450D1E}.Debug|Any CPU.Build.0 = Debug|Any CPU
		{BB9D706C-DB34-421E-B32E-BAF9C6450D1E}.Release|Any CPU.ActiveCfg = Release|Any CPU
		{BB9D706C-DB34-421E-B32E-BAF9C6450D1E}.Release|Any CPU.Build.0 = Release|Any CPU
	EndGlobalSection
	GlobalSection(SolutionProperties) = preSolution
		HideSolutionNode = FALSE
	EndGlobalSection
EndGlobal
